<?xml version="1.0" encoding="utf-8"?>
<Project ToolsVersion="4.0" xmlns="http://schemas.microsoft.com/developer/msbuild/2003">
  <ItemGroup>
    <Filter Include="Source Files">
      <UniqueIdentifier>{4FC737F1-C7A5-4376-A066-2A32D752A2FF}</UniqueIdentifier>
      <Extensions>cpp;c;cc;cxx;c++;cppm;ixx;def;odl;idl;hpj;bat;asm;asmx</Extensions>
    </Filter>
    <Filter Include="Header Files">
      <UniqueIdentifier>{93995380-89BD-4b04-88EB-625FBE52EBFB}</UniqueIdentifier>
      <Extensions>h;hh;hpp;hxx;h++;hm;inl;inc;ipp;xsd</Extensions>
    </Filter>
    <Filter Include="Resource Files">
      <UniqueIdentifier>{67DA6AB6-F800-4c08-8B7A-83BB121AAD01}</UniqueIdentifier>
      <Extensions>rc;ico;cur;bmp;dlg;rc2;rct;bin;rgs;gif;jpg;jpeg;jpe;resx;tiff;tif;png;wav;mfcribbon-ms</Extensions>
    </Filter>
  </ItemGroup>
  <ItemGroup>
    <ClCompile Include="OOP 1ci ders.cpp">
      <Filter>Source Files</Filter>
    </ClCompile>
    <ClCompile Include="OOP DESTRUCTION.cpp">
      <Filter>Source Files</Filter>
    </ClCompile>
    <ClCompile Include="OOP Sinif ishi.cpp">
      <Filter>Source Files</Filter>
    </ClCompile>
    <ClCompile Include="OOP Cars.cpp">
      <Filter>Source Files</Filter>
    </ClCompile>
    <ClCompile Include="OOP Deligation.cpp">
      <Filter>Source Files</Filter>
    </ClCompile>
    <ClCompile Include="Qaralama.cpp">
      <Filter>Source Files</Filter>
    </ClCompile>
    <ClCompile Include="Teekrar(desrs 4).cpp">
      <Filter>Source Files</Filter>
    </ClCompile>
    <ClCompile Include="OOP MOVE constructor.cpp">
      <Filter>Source Files</Filter>
    </ClCompile>
    <ClCompile Include="Operator overload.cpp">
      <Filter>Source Files</Filter>
    </ClCompile>
    <ClCompile Include="EDUCATIONAL MATERIALS.cpp">
      <Filter>Source Files</Filter>
    </ClCompile>
    <ClCompile Include="Friend Keyword.cpp">
      <Filter>Source Files</Filter>
    </ClCompile>
    <ClCompile Include="Friend keyword2.cpp">
      <Filter>Source Files</Filter>
    </ClCompile>
    <ClCompile Include="Inheritance.cpp">
      <Filter>Source Files</Filter>
    </ClCompile>
    <ClCompile Include="Multiple Inheritences.cpp">
      <Filter>Source Files</Filter>
    </ClCompile>
    <ClCompile Include="String.cpp">
      <Filter>Source Files</Filter>
    </ClCompile>
    <ClCompile Include="Vectors.cpp">
      <Filter>Source Files</Filter>
    </ClCompile>
    <ClCompile Include="Polimorphism.cpp">
      <Filter>Source Files</Filter>
    </ClCompile>
    <ClCompile Include="avstraction.cpp">
      <Filter>Source Files</Filter>
    </ClCompile>
    <ClCompile Include="Abstraction 2.cpp">
      <Filter>Source Files</Filter>
    </ClCompile>
    <ClCompile Include="Abstraction 3.cpp">
      <Filter>Source Files</Filter>
    </ClCompile>
    <ClCompile Include="Exeption self study.cpp">
      <Filter>Source Files</Filter>
    </ClCompile>
    <ClCompile Include="Elave ders.cpp">
      <Filter>Source Files</Filter>
    </ClCompile>
    <ClCompile Include="Quizz.cpp">
      <Filter>Source Files</Filter>
    </ClCompile>
    <ClCompile Include="Namespace 1(code part 1).cpp">
      <Filter>Source Files</Filter>
    </ClCompile>
    <ClCompile Include="NameSpace TEST.cpp">
      <Filter>Header Files</Filter>
    </ClCompile>
    <ClCompile Include="Namespace part 2.cpp">
      <Filter>Source Files</Filter>
    </ClCompile>
    <ClCompile Include="Fstream.cpp">
      <Filter>Source Files</Filter>
    </ClCompile>
    <ClCompile Include="OOP Exam.cpp">
      <Filter>Source Files</Filter>
    </ClCompile>
    <ClCompile Include="OOP ExamNew.cpp">
      <Filter>Source Files</Filter>
    </ClCompile>
    <ClCompile Include="Predicat.cpp">
      <Filter>Source Files</Filter>
    </ClCompile>
    <ClCompile Include="Lesson1.cpp">
      <Filter>Source Files</Filter>
    </ClCompile>
  </ItemGroup>
  <ItemGroup>
    <ClInclude Include="Cars.h">
      <Filter>Header Files</Filter>
    </ClInclude>
    <ClInclude Include="Avtosalon(OOP DELEGEATION).h">
      <Filter>Header Files</Filter>
    </ClInclude>
  </ItemGroup>
</Project>